{
  "name": "wg_t",
  "version": "1.0.5",
  "lockfileVersion": 1,
  "requires": true,
  "dependencies": {
    "@types/blueimp-md5": {
      "version": "2.7.0",
      "resolved": "https://registry.npmjs.org/@types/blueimp-md5/-/blueimp-md5-2.7.0.tgz",
      "integrity": "sha1-QEIigGgAR4yieC6K1GWQq6fxRic="
    },
    "@types/node": {
      "version": "9.6.47",
      "resolved": "https://registry.npmjs.org/@types/node/-/node-9.6.47.tgz",
      "integrity": "sha512-56wEJWXZs+3XXoTe/OCpdZ6czrONhy+6hT0GdPOb7HvudLTMJ1T5tuZPs37K5cPR5t+J9+vLPFDQgUQ8NWJE1w=="
    },
    "blueimp-md5": {
      "version": "2.10.0",
      "resolved": "https://registry.npmjs.org/blueimp-md5/-/blueimp-md5-2.10.0.tgz",
      "integrity": "sha512-EkNUOi7tpV68TqjpiUz9D9NcT8um2+qtgntmMbi5UKssVX2m/2PLqotcric0RE63pB3HPN/fjf3cKHN2ufGSUQ=="
    },
    "translation.js": {
      "version": "0.7.5",
      "resolved": "https://registry.npmjs.org/translation.js/-/translation.js-0.7.5.tgz",
      "integrity": "sha1-l+hx14MYdwkwdz8pf/+0DEIJsFM=",
      "requires": {
        "@types/blueimp-md5": "2.7.0",
        "@types/node": "9.6.47",
        "blueimp-md5": "2.10.0",
        "tslib": "1.9.3"
      }
    },
    "tslib": {
      "version": "1.9.3",
      "resolved": "https://registry.npmjs.org/tslib/-/tslib-1.9.3.tgz",
      "integrity": "sha512-4krF8scpejhaOgqzBEcGM7yDIEfi0/8+8zDRZhNZZ2kjmHJ4hv3zCbQWxoJGz1iw5U0Jl0nma13xzHXcncMavQ=="
    }
  }
}
